PODS:
  - FlutterMacOS (1.0.0)
  - offline_stt (0.1.0):
    - Flutter
    - FlutterMacOS

DEPENDENCIES:
  - FlutterMacOS (from `Flutter/ephemeral`)
  - offline_stt (from `Flutter/ephemeral/.symlinks/plugins/offline_stt/darwin`)

EXTERNAL SOURCES:
  FlutterMacOS:
    :path: Flutter/ephemeral
  offline_stt:
    :path: Flutter/ephemeral/.symlinks/plugins/offline_stt/darwin

SPEC CHECKSUMS:
  FlutterMacOS: c232990155153907050900a2e175c7773903ba4e
  offline_stt: e62eab14b80ceea4bfc0846fd1ca01fbd2df3be4

PODFILE CHECKSUM: 224cb1c0d6f5312abfc2477bcb5c7f1fca2574fb

COCOAPODS: 1.17.0
